
Microsoft Visual Studio Solution File, Format Version 12.00
# Visual Studio Version 17
VisualStudioVersion = 17.14.36310.24 d17.14
MinimumVisualStudioVersion = 10.0.40219.1
Project("{FAE04EC0-301F-11D3-BF4B-00C04F79EFBC}") = "ex1", "ex1.csproj", "{3049A711-FCE7-4EC0-AD8D-BCC36CA291F3}"
EndProject
Global
	GlobalSection(SolutionConfigurationPlatforms) = preSolution
		Debug|Any CPU = Debug|Any CPU
		Release|Any CPU = Release|Any CPU
	EndGlobalSection
	GlobalSection(ProjectConfigurationPlatforms) = postSolution
		{3049A711-FCE7-4EC0-AD8D-BCC36CA291F3}.Debug|Any CPU.ActiveCfg = Debug|Any CPU
		{3049A711-FCE7-4EC0-AD8D-BCC36CA291F3}.Debug|Any CPU.Build.0 = Debug|Any CPU
		{3049A711-FCE7-4EC0-AD8D-BCC36CA291F3}.Release|Any CPU.ActiveCfg = Release|Any CPU
		{3049A711-FCE7-4EC0-AD8D-BCC36CA291F3}.Release|Any CPU.Build.0 = Release|Any CPU
	EndGlobalSection
	GlobalSection(SolutionProperties) = preSolution
		HideSolutionNode = FALSE
	EndGlobalSection
	GlobalSection(ExtensibilityGlobals) = postSolution
		SolutionGuid = {A0B049A4-A0A0-4AC1-BC4F-891D9647FB28}
	EndGlobalSection
EndGlobal
